
Microsoft Visual Studio Solution File, Format Version 12.00
# Visual Studio Version 17
VisualStudioVersion = 17.11.35312.102
MinimumVisualStudioVersion = 10.0.40219.1
Project("{9A19103F-16F7-4668-BE54-9A1E7A4F7556}") = "tester-final", "tester-final\tester-final.csproj", "{683881B5-7938-46BC-A343-E79D5583A09E}"
EndProject
Project("{FAE04EC0-301F-11D3-BF4B-00C04F79EFBC}") = "UnitTest", "UnitTest\UnitTest.csproj", "{56DAAEF8-8217-458D-9DC9-643C23D2229A}"
EndProject
Global
	GlobalSection(SolutionConfigurationPlatforms) = preSolution
		Debug|Any CPU = Debug|Any CPU
		Release|Any CPU = Release|Any CPU
	EndGlobalSection
	GlobalSection(ProjectConfigurationPlatforms) = postSolution
		{683881B5-7938-46BC-A343-E79D5583A09E}.Debug|Any CPU.ActiveCfg = Debug|Any CPU
		{683881B5-7938-46BC-A343-E79D5583A09E}.Debug|Any CPU.Build.0 = Debug|Any CPU
		{683881B5-7938-46BC-A343-E79D5583A09E}.Release|Any CPU.ActiveCfg = Release|Any CPU
		{683881B5-7938-46BC-A343-E79D5583A09E}.Release|Any CPU.Build.0 = Release|Any CPU
		{56DAAEF8-8217-458D-9DC9-643C23D2229A}.Debug|Any CPU.ActiveCfg = Debug|Any CPU
		{56DAAEF8-8217-458D-9DC9-643C23D2229A}.Debug|Any CPU.Build.0 = Debug|Any CPU
		{56DAAEF8-8217-458D-9DC9-643C23D2229A}.Release|Any CPU.ActiveCfg = Release|Any CPU
		{56DAAEF8-8217-458D-9DC9-643C23D2229A}.Release|Any CPU.Build.0 = Release|Any CPU
	EndGlobalSection
	GlobalSection(SolutionProperties) = preSolution
		HideSolutionNode = FALSE
	EndGlobalSection
	GlobalSection(ExtensibilityGlobals) = postSolution
		SolutionGuid = {1207FC24-10F6-4622-A91B-A59866188DF4}
	EndGlobalSection
EndGlobal
